// !$*UTF8*$!
{
	archiveVersion = 1;
	classes = {
	};
	objectVersion = 77;
	objects = {

/* Begin PBXBuildFile section */
		23FF1EDD87BAA769A9D817AF /* PaymentSummaryView.swift in Sources */ = {isa = PBXBuildFile; fileRef = 5551074D1ED4B5B507DBAF43 /* PaymentSummaryView.swift */; };
		27B7A72BE34565A39D4522BB /* SummaryRow.swift in Sources */ = {isa = PBXBuildFile; fileRef = 60190E28728DFE9EF7AE146C /* SummaryRow.swift */; };
		2B17CA8DE7674BDE8D6DFC5E /* Assets.xcassets in Resources */ = {isa = PBXBuildFile; fileRef = 688D83717963AC330DDC8EB7 /* Assets.xcassets */; };
		406F5B4C263300625540331E /* CameraCaptureView.swift in Sources */ = {isa = PBXBuildFile; fileRef = 84A7743697FBFB0DC604007E /* CameraCaptureView.swift */; };
		54C7ED1288A3C5C211D75C41 /* ReceiptEditView.swift in Sources */ = {isa = PBXBuildFile; fileRef = 62C86CC00B3E430003271577 /* ReceiptEditView.swift */; };
		67CABF5F3B0A27EEAC72886E /* ScanQRView.swift in Sources */ = {isa = PBXBuildFile; fileRef = B3CAF1228E5DC18699176F4A /* ScanQRView.swift */; };
		6D30E88C780DE10095947BEB /* Color+Theme.swift in Sources */ = {isa = PBXBuildFile; fileRef = 7B087D273C695590AA57C398 /* Color+Theme.swift */; };
		94490BAA6065D908007017C5 /* ShareSessionView.swift in Sources */ = {isa = PBXBuildFile; fileRef = 2459C45FB9377CAC2E771B92 /* ShareSessionView.swift */; };
		98C17013351259712484B37C /* HostSetupView.swift in Sources */ = {isa = PBXBuildFile; fileRef = 43859F0E2A24135AB4D965FF /* HostSetupView.swift */; };
		9ABA165F8834482DD193822D /* SplitSession.swift in Sources */ = {isa = PBXBuildFile; fileRef = C9B526F7F8E0B36115BF8EAB /* SplitSession.swift */; };
		A9A85D343264B39A72EE13FD /* QRCodeService.swift in Sources */ = {isa = PBXBuildFile; fileRef = C0B8B91CABB8AB1A4C0F5B4D /* QRCodeService.swift */; };
		B32A02B486D67766470EC74B /* OCRService.swift in Sources */ = {isa = PBXBuildFile; fileRef = 37CDBCC07ECB88D51611DF29 /* OCRService.swift */; };
		B45A3083021A0C8C426C91F9 /* FirebaseFirestore in Frameworks */ = {isa = PBXBuildFile; productRef = 655A589260B7055520FB5DF3 /* FirebaseFirestore */; };
		BB33192AA2B8E284AF305EB3 /* ReceiptItem.swift in Sources */ = {isa = PBXBuildFile; fileRef = 54C8931F0CD973D5C7473700 /* ReceiptItem.swift */; };
		C9DAA3D2E66FDE4BB2697F8E /* FirestoreService.swift in Sources */ = {isa = PBXBuildFile; fileRef = 3ADA272126897E9A2CA008D7 /* FirestoreService.swift */; };
		D439944AA8AB072C27A740D6 /* ParseMark.swift in Sources */ = {isa = PBXBuildFile; fileRef = 45D41B4F251E3AB24FA312D6 /* ParseMark.swift */; };
		DB2AE3F44AFD6C217F6B4E77 /* GoogleService-Info.plist in Resources */ = {isa = PBXBuildFile; fileRef = FB8FAA9D85FD723FC841A74A /* GoogleService-Info.plist */; };
		DDD5736400B53886220407DC /* ContentView.swift in Sources */ = {isa = PBXBuildFile; fileRef = D54E684E7939D09FBD325F56 /* ContentView.swift */; };
		E06466AFF39D837D0235B65E /* ItemSelectionView.swift in Sources */ = {isa = PBXBuildFile; fileRef = 8F0B922B99DBDDCE6A0DE2C4 /* ItemSelectionView.swift */; };
		E3A8E10D02467E76386AF9DA /* ReceiptParser.swift in Sources */ = {isa = PBXBuildFile; fileRef = E2FFAD9C0595CD7682751C4B /* ReceiptParser.swift */; };
		EFBFBD5F2F9F3B7744B7B686 /* ParseApp.swift in Sources */ = {isa = PBXBuildFile; fileRef = 7BBE01986443C4BFE18A3AFF /* ParseApp.swift */; };
		FF1D0BD3AD74CE3F80E99C6B /* Preview Assets.xcassets in Resources */ = {isa = PBXBuildFile; fileRef = 6D5BBA7A1DCA0E7C50FC5AAF /* Preview Assets.xcassets */; };
/* End PBXBuildFile section */

/* Begin PBXFileReference section */
		2459C45FB9377CAC2E771B92 /* ShareSessionView.swift */ = {isa = PBXFileReference; lastKnownFileType = sourcecode.swift; path = ShareSessionView.swift; sourceTree = "<group>"; };
		37CDBCC07ECB88D51611DF29 /* OCRService.swift */ = {isa = PBXFileReference; lastKnownFileType = sourcecode.swift; path = OCRService.swift; sourceTree = "<group>"; };
		3ADA272126897E9A2CA008D7 /* FirestoreService.swift */ = {isa = PBXFileReference; lastKnownFileType = sourcecode.swift; path = FirestoreService.swift; sourceTree = "<group>"; };
		43859F0E2A24135AB4D965FF /* HostSetupView.swift */ = {isa = PBXFileReference; lastKnownFileType = sourcecode.swift; path = HostSetupView.swift; sourceTree = "<group>"; };
		45D41B4F251E3AB24FA312D6 /* ParseMark.swift */ = {isa = PBXFileReference; lastKnownFileType = sourcecode.swift; path = ParseMark.swift; sourceTree = "<group>"; };
		54C8931F0CD973D5C7473700 /* ReceiptItem.swift */ = {isa = PBXFileReference; lastKnownFileType = sourcecode.swift; path = ReceiptItem.swift; sourceTree = "<group>"; };
		5551074D1ED4B5B507DBAF43 /* PaymentSummaryView.swift */ = {isa = PBXFileReference; lastKnownFileType = sourcecode.swift; path = PaymentSummaryView.swift; sourceTree = "<group>"; };
		60190E28728DFE9EF7AE146C /* SummaryRow.swift */ = {isa = PBXFileReference; lastKnownFileType = sourcecode.swift; path = SummaryRow.swift; sourceTree = "<group>"; };
		62C86CC00B3E430003271577 /* ReceiptEditView.swift */ = {isa = PBXFileReference; lastKnownFileType = sourcecode.swift; path = ReceiptEditView.swift; sourceTree = "<group>"; };
		688D83717963AC330DDC8EB7 /* Assets.xcassets */ = {isa = PBXFileReference; lastKnownFileType = folder.assetcatalog; path = Assets.xcassets; sourceTree = "<group>"; };
		6A3A8051BD1A4F9756F931F5 /* Info.plist */ = {isa = PBXFileReference; lastKnownFileType = text.plist; path = Info.plist; sourceTree = "<group>"; };
		6BC115F471F43F534EFA038E /* Parse.entitlements */ = {isa = PBXFileReference; lastKnownFileType = text.plist.entitlements; path = Parse.entitlements; sourceTree = "<group>"; };
		6D5BBA7A1DCA0E7C50FC5AAF /* Preview Assets.xcassets */ = {isa = PBXFileReference; lastKnownFileType = folder.assetcatalog; path = "Preview Assets.xcassets"; sourceTree = "<group>"; };
		7B087D273C695590AA57C398 /* Color+Theme.swift */ = {isa = PBXFileReference; lastKnownFileType = sourcecode.swift; path = "Color+Theme.swift"; sourceTree = "<group>"; };
		7BBE01986443C4BFE18A3AFF /* ParseApp.swift */ = {isa = PBXFileReference; lastKnownFileType = sourcecode.swift; path = ParseApp.swift; sourceTree = "<group>"; };
		84A7743697FBFB0DC604007E /* CameraCaptureView.swift */ = {isa = PBXFileReference; lastKnownFileType = sourcecode.swift; path = CameraCaptureView.swift; sourceTree = "<group>"; };
		8F0B922B99DBDDCE6A0DE2C4 /* ItemSelectionView.swift */ = {isa = PBXFileReference; lastKnownFileType = sourcecode.swift; path = ItemSelectionView.swift; sourceTree = "<group>"; };
		B3CAF1228E5DC18699176F4A /* ScanQRView.swift */ = {isa = PBXFileReference; lastKnownFileType = sourcecode.swift; path = ScanQRView.swift; sourceTree = "<group>"; };
		C0B8B91CABB8AB1A4C0F5B4D /* QRCodeService.swift */ = {isa = PBXFileReference; lastKnownFileType = sourcecode.swift; path = QRCodeService.swift; sourceTree = "<group>"; };
		C9B526F7F8E0B36115BF8EAB /* SplitSession.swift */ = {isa = PBXFileReference; lastKnownFileType = sourcecode.swift; path = SplitSession.swift; sourceTree = "<group>"; };
		D54E684E7939D09FBD325F56 /* ContentView.swift */ = {isa = PBXFileReference; lastKnownFileType = sourcecode.swift; path = ContentView.swift; sourceTree = "<group>"; };
		DF1F94D83737974CC5DB2C9C /* Parse.app */ = {isa = PBXFileReference; includeInIndex = 0; lastKnownFileType = wrapper.application; path = Parse.app; sourceTree = BUILT_PRODUCTS_DIR; };
		E2FFAD9C0595CD7682751C4B /* ReceiptParser.swift */ = {isa = PBXFileReference; lastKnownFileType = sourcecode.swift; path = ReceiptParser.swift; sourceTree = "<group>"; };
		FB8FAA9D85FD723FC841A74A /* GoogleService-Info.plist */ = {isa = PBXFileReference; lastKnownFileType = text.plist; path = "GoogleService-Info.plist"; sourceTree = "<group>"; };
/* End PBXFileReference section */

/* Begin PBXFrameworksBuildPhase section */
		E7C3578F830EEBD4C0392338 /* Frameworks */ = {
			isa = PBXFrameworksBuildPhase;
			buildActionMask = 2147483647;
			files = (
				B45A3083021A0C8C426C91F9 /* FirebaseFirestore in Frameworks */,
			);
			runOnlyForDeploymentPostprocessing = 0;
		};
/* End PBXFrameworksBuildPhase section */

/* Begin PBXGroup section */
		2638A90EC2DAAA33A319D1E4 /* Parse */ = {
			isa = PBXGroup;
			children = (
				688D83717963AC330DDC8EB7 /* Assets.xcassets */,
				FB8FAA9D85FD723FC841A74A /* GoogleService-Info.plist */,
				6A3A8051BD1A4F9756F931F5 /* Info.plist */,
				6BC115F471F43F534EFA038E /* Parse.entitlements */,
				65FF91EA92FBC090E8FC03BC /* App */,
				50A6D7B204B32209158C1F51 /* Extensions */,
				6548CB0E44A7E51E2283DAAA /* Models */,
				8411273C6F75D5BBFBED7EF2 /* Preview Content */,
				BCDD4CD37936670F1938B989 /* Services */,
				4152ED1E0EF3D5D713A2BE7D /* Views */,
			);
			path = Parse;
			sourceTree = "<group>";
		};
		4152ED1E0EF3D5D713A2BE7D /* Views */ = {
			isa = PBXGroup;
			children = (
				84A7743697FBFB0DC604007E /* CameraCaptureView.swift */,
				D54E684E7939D09FBD325F56 /* ContentView.swift */,
				43859F0E2A24135AB4D965FF /* HostSetupView.swift */,
				8F0B922B99DBDDCE6A0DE2C4 /* ItemSelectionView.swift */,
				45D41B4F251E3AB24FA312D6 /* ParseMark.swift */,
				5551074D1ED4B5B507DBAF43 /* PaymentSummaryView.swift */,
				62C86CC00B3E430003271577 /* ReceiptEditView.swift */,
				B3CAF1228E5DC18699176F4A /* ScanQRView.swift */,
				2459C45FB9377CAC2E771B92 /* ShareSessionView.swift */,
				60190E28728DFE9EF7AE146C /* SummaryRow.swift */,
			);
			path = Views;
			sourceTree = "<group>";
		};
		50A6D7B204B32209158C1F51 /* Extensions */ = {
			isa = PBXGroup;
			children = (
				7B087D273C695590AA57C398 /* Color+Theme.swift */,
			);
			path = Extensions;
			sourceTree = "<group>";
		};
		5A4008CA6CAB91E3906B5DFB /* Products */ = {
			isa = PBXGroup;
			children = (
				DF1F94D83737974CC5DB2C9C /* Parse.app */,
			);
			name = Products;
			sourceTree = "<group>";
		};
		6548CB0E44A7E51E2283DAAA /* Models */ = {
			isa = PBXGroup;
			children = (
				54C8931F0CD973D5C7473700 /* ReceiptItem.swift */,
				C9B526F7F8E0B36115BF8EAB /* SplitSession.swift */,
			);
			path = Models;
			sourceTree = "<group>";
		};
		65FF91EA92FBC090E8FC03BC /* App */ = {
			isa = PBXGroup;
			children = (
				7BBE01986443C4BFE18A3AFF /* ParseApp.swift */,
			);
			path = App;
			sourceTree = "<group>";
		};
		8411273C6F75D5BBFBED7EF2 /* Preview Content */ = {
			isa = PBXGroup;
			children = (
				6D5BBA7A1DCA0E7C50FC5AAF /* Preview Assets.xcassets */,
			);
			path = "Preview Content";
			sourceTree = "<group>";
		};
		BCDD4CD37936670F1938B989 /* Services */ = {
			isa = PBXGroup;
			children = (
				3ADA272126897E9A2CA008D7 /* FirestoreService.swift */,
				37CDBCC07ECB88D51611DF29 /* OCRService.swift */,
				C0B8B91CABB8AB1A4C0F5B4D /* QRCodeService.swift */,
				E2FFAD9C0595CD7682751C4B /* ReceiptParser.swift */,
			);
			path = Services;
			sourceTree = "<group>";
		};
		E71846A14C4F2FC7DAF7F1A9 = {
			isa = PBXGroup;
			children = (
				2638A90EC2DAAA33A319D1E4 /* Parse */,
				5A4008CA6CAB91E3906B5DFB /* Products */,
			);
			sourceTree = "<group>";
		};
/* End PBXGroup section */

/* Begin PBXNativeTarget section */
		1D6700CF14CC21866524788B /* Parse */ = {
			isa = PBXNativeTarget;
			buildConfigurationList = B02CBD19F602A2FB18E57003 /* Build configuration list for PBXNativeTarget "Parse" */;
			buildPhases = (
				5AFE675719EC14AE1B8F8AF5 /* Sources */,
				214C356DD90FA15C312B702C /* Resources */,
				E7C3578F830EEBD4C0392338 /* Frameworks */,
			);
			buildRules = (
			);
			dependencies = (
			);
			name = Parse;
			packageProductDependencies = (
				655A589260B7055520FB5DF3 /* FirebaseFirestore */,
			);
			productName = Parse;
			productReference = DF1F94D83737974CC5DB2C9C /* Parse.app */;
			productType = "com.apple.product-type.application";
		};
/* End PBXNativeTarget section */

/* Begin PBXProject section */
		F9BCD7ED3F9FDCF738E1F785 /* Project object */ = {
			isa = PBXProject;
			attributes = {
				BuildIndependentTargetsInParallel = YES;
				LastUpgradeCheck = 1500;
				TargetAttributes = {
					1D6700CF14CC21866524788B = {
						DevelopmentTeam = NF6D29P3HJ;
					};
				};
			};
			buildConfigurationList = 15777A0E97CBE50E02D98B4E /* Build configuration list for PBXProject "Parse" */;
			developmentRegion = en;
			hasScannedForEncodings = 0;
			knownRegions = (
				Base,
				en,
			);
			mainGroup = E71846A14C4F2FC7DAF7F1A9;
			minimizedProjectReferenceProxies = 1;
			packageReferences = (
				80E0E645E59F76FD3398C904 /* XCRemoteSwiftPackageReference "firebase-ios-sdk" */,
			);
			preferredProjectObjectVersion = 77;
			productRefGroup = 5A4008CA6CAB91E3906B5DFB /* Products */;
			projectDirPath = "";
			projectRoot = "";
			targets = (
				1D6700CF14CC21866524788B /* Parse */,
			);
		};
/* End PBXProject section */

/* Begin PBXResourcesBuildPhase section */
		214C356DD90FA15C312B702C /* Resources */ = {
			isa = PBXResourcesBuildPhase;
			buildActionMask = 2147483647;
			files = (
				2B17CA8DE7674BDE8D6DFC5E /* Assets.xcassets in Resources */,
				DB2AE3F44AFD6C217F6B4E77 /* GoogleService-Info.plist in Resources */,
				FF1D0BD3AD74CE3F80E99C6B /* Preview Assets.xcassets in Resources */,
			);
			runOnlyForDeploymentPostprocessing = 0;
		};
/* End PBXResourcesBuildPhase section */

/* Begin PBXSourcesBuildPhase section */
		5AFE675719EC14AE1B8F8AF5 /* Sources */ = {
			isa = PBXSourcesBuildPhase;
			buildActionMask = 2147483647;
			files = (
				406F5B4C263300625540331E /* CameraCaptureView.swift in Sources */,
				6D30E88C780DE10095947BEB /* Color+Theme.swift in Sources */,
				DDD5736400B53886220407DC /* ContentView.swift in Sources */,
				C9DAA3D2E66FDE4BB2697F8E /* FirestoreService.swift in Sources */,
				98C17013351259712484B37C /* HostSetupView.swift in Sources */,
				E06466AFF39D837D0235B65E /* ItemSelectionView.swift in Sources */,
				B32A02B486D67766470EC74B /* OCRService.swift in Sources */,
				EFBFBD5F2F9F3B7744B7B686 /* ParseApp.swift in Sources */,
				D439944AA8AB072C27A740D6 /* ParseMark.swift in Sources */,
				23FF1EDD87BAA769A9D817AF /* PaymentSummaryView.swift in Sources */,
				A9A85D343264B39A72EE13FD /* QRCodeService.swift in Sources */,
				54C7ED1288A3C5C211D75C41 /* ReceiptEditView.swift in Sources */,
				BB33192AA2B8E284AF305EB3 /* ReceiptItem.swift in Sources */,
				E3A8E10D02467E76386AF9DA /* ReceiptParser.swift in Sources */,
				67CABF5F3B0A27EEAC72886E /* ScanQRView.swift in Sources */,
				94490BAA6065D908007017C5 /* ShareSessionView.swift in Sources */,
				9ABA165F8834482DD193822D /* SplitSession.swift in Sources */,
				27B7A72BE34565A39D4522BB /* SummaryRow.swift in Sources */,
			);
			runOnlyForDeploymentPostprocessing = 0;
		};
/* End PBXSourcesBuildPhase section */

/* Begin XCBuildConfiguration section */
		2C37C2873D4FCADBEB05CF48 /* Debug */ = {
			isa = XCBuildConfiguration;
			buildSettings = {
				ALWAYS_SEARCH_USER_PATHS = NO;
				CLANG_ANALYZER_NONNULL = YES;
				CLANG_ANALYZER_NUMBER_OBJECT_CONVERSION = YES_AGGRESSIVE;
				CLANG_CXX_LANGUAGE_STANDARD = "gnu++14";
				CLANG_CXX_LIBRARY = "libc++";
				CLANG_ENABLE_MODULES = YES;
				CLANG_ENABLE_OBJC_ARC = YES;
				CLANG_ENABLE_OBJC_WEAK = YES;
				CLANG_WARN_BLOCK_CAPTURE_AUTORELEASING = YES;
				CLANG_WARN_BOOL_CONVERSION = YES;
				CLANG_WARN_COMMA = YES;
				CLANG_WARN_CONSTANT_CONVERSION = YES;
				CLANG_WARN_DEPRECATED_OBJC_IMPLEMENTATIONS = YES;
				CLANG_WARN_DIRECT_OBJC_ISA_USAGE = YES_ERROR;
				CLANG_WARN_DOCUMENTATION_COMMENTS = YES;
				CLANG_WARN_EMPTY_BODY = YES;
				CLANG_WARN_ENUM_CONVERSION = YES;
				CLANG_WARN_INFINITE_RECURSION = YES;
				CLANG_WARN_INT_CONVERSION = YES;
				CLANG_WARN_NON_LITERAL_NULL_CONVERSION = YES;
				CLANG_WARN_OBJC_IMPLICIT_RETAIN_SELF = YES;
				CLANG_WARN_OBJC_LITERAL_CONVERSION = YES;
				CLANG_WARN_OBJC_ROOT_CLASS = YES_ERROR;
				CLANG_WARN_QUOTED_INCLUDE_IN_FRAMEWORK_HEADER = YES;
				CLANG_WARN_RANGE_LOOP_ANALYSIS = YES;
				CLANG_WARN_STRICT_PROTOTYPES = YES;
				CLANG_WARN_SUSPICIOUS_MOVE = YES;
				CLANG_WARN_UNGUARDED_AVAILABILITY = YES_AGGRESSIVE;
				CLANG_WARN_UNREACHABLE_CODE = YES;
				CLANG_WARN__DUPLICATE_METHOD_MATCH = YES;
				COPY_PHASE_STRIP = NO;
				CURRENT_PROJECT_VERSION = 3;
				DEBUG_INFORMATION_FORMAT = dwarf;
				ENABLE_STRICT_OBJC_MSGSEND = YES;
				ENABLE_TESTABILITY = YES;
				GCC_C_LANGUAGE_STANDARD = gnu11;
				GCC_DYNAMIC_NO_PIC = NO;
				GCC_NO_COMMON_BLOCKS = YES;
				GCC_OPTIMIZATION_LEVEL = 0;
				GCC_PREPROCESSOR_DEFINITIONS = (
					"$(inherited)",
					"DEBUG=1",
				);
				GCC_WARN_64_TO_32_BIT_CONVERSION = YES;
				GCC_WARN_ABOUT_RETURN_TYPE = YES_ERROR;
				GCC_WARN_UNDECLARED_SELECTOR = YES;
				GCC_WARN_UNINITIALIZED_AUTOS = YES_AGGRESSIVE;
				GCC_WARN_UNUSED_FUNCTION = YES;
				GCC_WARN_UNUSED_VARIABLE = YES;
				IPHONEOS_DEPLOYMENT_TARGET = 17.0;
				MARKETING_VERSION = 1.2.0;
				MTL_ENABLE_DEBUG_INFO = INCLUDE_SOURCE;
				MTL_FAST_MATH = YES;
				ONLY_ACTIVE_ARCH = YES;
				PRODUCT_NAME = "$(TARGET_NAME)";
				SDKROOT = iphoneos;
				SWIFT_ACTIVE_COMPILATION_CONDITIONS = DEBUG;
				SWIFT_OPTIMIZATION_LEVEL = "-Onone";
				SWIFT_VERSION = 5.9;
			};
			name = Debug;
		};
		95677D00D6183FDF755A1D78 /* Release */ = {
			isa = XCBuildConfiguration;
			buildSettings = {
				ASSETCATALOG_COMPILER_APPICON_NAME = AppIcon;
				ASSETCATALOG_COMPILER_GLOBAL_ACCENT_COLOR_NAME = AccentColor;
				CODE_SIGN_IDENTITY = "iPhone Developer";
				DEVELOPMENT_TEAM = NF6D29P3HJ;
				INFOPLIST_FILE = Parse/Info.plist;
				LD_RUNPATH_SEARCH_PATHS = (
					"$(inherited)",
					"@executable_path/Frameworks",
				);
				PRODUCT_BUNDLE_IDENTIFIER = com.amagarian.parse;
				SDKROOT = iphoneos;
				SWIFT_EMIT_LOC_STRINGS = YES;
				TARGETED_DEVICE_FAMILY = "1,2";
			};
			name = Release;
		};
		9A758E4B79012C1377E816A4 /* Release */ = {
			isa = XCBuildConfiguration;
			buildSettings = {
				ALWAYS_SEARCH_USER_PATHS = NO;
				CLANG_ANALYZER_NONNULL = YES;
				CLANG_ANALYZER_NUMBER_OBJECT_CONVERSION = YES_AGGRESSIVE;
				CLANG_CXX_LANGUAGE_STANDARD = "gnu++14";
				CLANG_CXX_LIBRARY = "libc++";
				CLANG_ENABLE_MODULES = YES;
				CLANG_ENABLE_OBJC_ARC = YES;
				CLANG_ENABLE_OBJC_WEAK = YES;
				CLANG_WARN_BLOCK_CAPTURE_AUTORELEASING = YES;
				CLANG_WARN_BOOL_CONVERSION = YES;
				CLANG_WARN_COMMA = YES;
				CLANG_WARN_CONSTANT_CONVERSION = YES;
				CLANG_WARN_DEPRECATED_OBJC_IMPLEMENTATIONS = YES;
				CLANG_WARN_DIRECT_OBJC_ISA_USAGE = YES_ERROR;
				CLANG_WARN_DOCUMENTATION_COMMENTS = YES;
				CLANG_WARN_EMPTY_BODY = YES;
				CLANG_WARN_ENUM_CONVERSION = YES;
				CLANG_WARN_INFINITE_RECURSION = YES;
				CLANG_WARN_INT_CONVERSION = YES;
				CLANG_WARN_NON_LITERAL_NULL_CONVERSION = YES;
				CLANG_WARN_OBJC_IMPLICIT_RETAIN_SELF = YES;
				CLANG_WARN_OBJC_LITERAL_CONVERSION = YES;
				CLANG_WARN_OBJC_ROOT_CLASS = YES_ERROR;
				CLANG_WARN_QUOTED_INCLUDE_IN_FRAMEWORK_HEADER = YES;
				CLANG_WARN_RANGE_LOOP_ANALYSIS = YES;
				CLANG_WARN_STRICT_PROTOTYPES = YES;
				CLANG_WARN_SUSPICIOUS_MOVE = YES;
				CLANG_WARN_UNGUARDED_AVAILABILITY = YES_AGGRESSIVE;
				CLANG_WARN_UNREACHABLE_CODE = YES;
				CLANG_WARN__DUPLICATE_METHOD_MATCH = YES;
				COPY_PHASE_STRIP = NO;
				CURRENT_PROJECT_VERSION = 3;
				DEBUG_INFORMATION_FORMAT = "dwarf-with-dsym";
				ENABLE_NS_ASSERTIONS = NO;
				ENABLE_STRICT_OBJC_MSGSEND = YES;
				GCC_C_LANGUAGE_STANDARD = gnu11;
				GCC_NO_COMMON_BLOCKS = YES;
				GCC_WARN_64_TO_32_BIT_CONVERSION = YES;
				GCC_WARN_ABOUT_RETURN_TYPE = YES_ERROR;
				GCC_WARN_UNDECLARED_SELECTOR = YES;
				GCC_WARN_UNINITIALIZED_AUTOS = YES_AGGRESSIVE;
				GCC_WARN_UNUSED_FUNCTION = YES;
				GCC_WARN_UNUSED_VARIABLE = YES;
				IPHONEOS_DEPLOYMENT_TARGET = 17.0;
				MARKETING_VERSION = 1.2.0;
				MTL_ENABLE_DEBUG_INFO = NO;
				MTL_FAST_MATH = YES;
				PRODUCT_NAME = "$(TARGET_NAME)";
				SDKROOT = iphoneos;
				SWIFT_COMPILATION_MODE = wholemodule;
				SWIFT_OPTIMIZATION_LEVEL = "-O";
				SWIFT_VERSION = 5.9;
			};
			name = Release;
		};
		9DCF4EE43A8566A312B68982 /* Debug */ = {
			isa = XCBuildConfiguration;
			buildSettings = {
				ASSETCATALOG_COMPILER_APPICON_NAME = AppIcon;
				ASSETCATALOG_COMPILER_GLOBAL_ACCENT_COLOR_NAME = AccentColor;
				CODE_SIGN_IDENTITY = "iPhone Developer";
				DEVELOPMENT_TEAM = NF6D29P3HJ;
				INFOPLIST_FILE = Parse/Info.plist;
				LD_RUNPATH_SEARCH_PATHS = (
					"$(inherited)",
					"@executable_path/Frameworks",
				);
				PRODUCT_BUNDLE_IDENTIFIER = com.amagarian.parse;
				SDKROOT = iphoneos;
				SWIFT_EMIT_LOC_STRINGS = YES;
				TARGETED_DEVICE_FAMILY = "1,2";
			};
			name = Debug;
		};
/* End XCBuildConfiguration section */

/* Begin XCConfigurationList section */
		15777A0E97CBE50E02D98B4E /* Build configuration list for PBXProject "Parse" */ = {
			isa = XCConfigurationList;
			buildConfigurations = (
				2C37C2873D4FCADBEB05CF48 /* Debug */,
				9A758E4B79012C1377E816A4 /* Release */,
			);
			defaultConfigurationIsVisible = 0;
			defaultConfigurationName = Debug;
		};
		B02CBD19F602A2FB18E57003 /* Build configuration list for PBXNativeTarget "Parse" */ = {
			isa = XCConfigurationList;
			buildConfigurations = (
				9DCF4EE43A8566A312B68982 /* Debug */,
				95677D00D6183FDF755A1D78 /* Release */,
			);
			defaultConfigurationIsVisible = 0;
			defaultConfigurationName = Debug;
		};
/* End XCConfigurationList section */

/* Begin XCRemoteSwiftPackageReference section */
		80E0E645E59F76FD3398C904 /* XCRemoteSwiftPackageReference "firebase-ios-sdk" */ = {
			isa = XCRemoteSwiftPackageReference;
			repositoryURL = "https://github.com/firebase/firebase-ios-sdk";
			requirement = {
				kind = upToNextMajorVersion;
				minimumVersion = 11.0.0;
			};
		};
/* End XCRemoteSwiftPackageReference section */

/* Begin XCSwiftPackageProductDependency section */
		655A589260B7055520FB5DF3 /* FirebaseFirestore */ = {
			isa = XCSwiftPackageProductDependency;
			package = 80E0E645E59F76FD3398C904 /* XCRemoteSwiftPackageReference "firebase-ios-sdk" */;
			productName = FirebaseFirestore;
		};
/* End XCSwiftPackageProductDependency section */
	};
	rootObject = F9BCD7ED3F9FDCF738E1F785 /* Project object */;
}
